# THIS IS AN AUTOGENERATED FILE. DO NOT EDIT THIS FILE DIRECTLY.
# yarn lockfile v1


"@live-change/framework@^0.5.7", "@live-change/framework@^0.5.8":
  version "0.5.12"
  resolved "https://registry.yarnpkg.com/@live-change/framework/-/framework-0.5.12.tgz#c3bcb9701607a34dadb36869a8bf459f6a60ad6c"
  integrity sha512-A+xSVx/COxQADumAxXeVD5WRYcdJKt9PVaYxI7KVNqG9b2qP9S+OJ/tgPlBoH230n8fyI7URZ+HAcUxNM4KYrg==

"@live-change/relations-plugin@^0.1.10":
  version "0.1.11"
  resolved "https://registry.yarnpkg.com/@live-change/relations-plugin/-/relations-plugin-0.1.11.tgz#a784dacdff0270da32a0d9d4aba2a3d5c47a59bb"
  integrity sha512-D0pyt3TMbYK/cn77q48DP0JOlh6uww4azASFmMteNIwBxY5cMOMCGZAlRmxufDWFFLgCCltR0vmDPI7zw1ug+w==
  dependencies:
    "@live-change/framework" "^0.5.8"
