{
	"name": "@live-change/user-service",
	"version": "0.2.20",
	"lockfileVersion": 2,
	"requires": true,
	"packages": {
		"": {
			"name": "@live-change/user-service",
			"version": "0.1.1",
			"license": "MIT",
			"dependencies": {
				"@live-change/framework": "^0.5.7",
				"@live-change/relations-plugin": "^0.1.10"
			}
		},
		"node_modules/@live-change/framework": {
			"version": "0.5.12",
			"resolved": "https://registry.npmjs.org/@live-change/framework/-/framework-0.5.12.tgz",
			"integrity": "sha512-A+xSVx/COxQADumAxXeVD5WRYcdJKt9PVaYxI7KVNqG9b2qP9S+OJ/tgPlBoH230n8fyI7URZ+HAcUxNM4KYrg=="
		},
		"node_modules/@live-change/relations-plugin": {
			"version": "0.1.11",
			"resolved": "https://registry.npmjs.org/@live-change/relations-plugin/-/relations-plugin-0.1.11.tgz",
			"integrity": "sha512-D0pyt3TMbYK/cn77q48DP0JOlh6uww4azASFmMteNIwBxY5cMOMCGZAlRmxufDWFFLgCCltR0vmDPI7zw1ug+w==",
			"dependencies": {
				"@live-change/framework": "^0.5.8"
			}
		}
	},
	"dependencies": {
		"@live-change/framework": {
			"version": "0.5.12",
			"resolved": "https://registry.npmjs.org/@live-change/framework/-/framework-0.5.12.tgz",
			"integrity": "sha512-A+xSVx/COxQADumAxXeVD5WRYcdJKt9PVaYxI7KVNqG9b2qP9S+OJ/tgPlBoH230n8fyI7URZ+HAcUxNM4KYrg=="
		},
		"@live-change/relations-plugin": {
			"version": "0.1.11",
			"resolved": "https://registry.npmjs.org/@live-change/relations-plugin/-/relations-plugin-0.1.11.tgz",
			"integrity": "sha512-D0pyt3TMbYK/cn77q48DP0JOlh6uww4azASFmMteNIwBxY5cMOMCGZAlRmxufDWFFLgCCltR0vmDPI7zw1ug+w==",
			"requires": {
				"@live-change/framework": "^0.5.8"
			}
		}
	}
}
